
Microsoft Visual Studio Solution File, Format Version 12.00
# Visual Studio 15
VisualStudioVersion = 15.0.28010.2046
MinimumVisualStudioVersion = 10.0.40219.1
Project("{FAE04EC0-301F-11D3-BF4B-00C04F79EFBC}") = "task_5.1", "task_5.1\task_5.1.csproj", "{C1E0C4BA-6FC1-48A9-B13C-4F738A425399}"
EndProject
Global
	GlobalSection(SolutionConfigurationPlatforms) = preSolution
		Debug|Any CPU = Debug|Any CPU
		Release|Any CPU = Release|Any CPU
	EndGlobalSection
	GlobalSection(ProjectConfigurationPlatforms) = postSolution
		{C1E0C4BA-6FC1-48A9-B13C-4F738A425399}.Debug|Any CPU.ActiveCfg = Debug|Any CPU
		{C1E0C4BA-6FC1-48A9-B13C-4F738A425399}.Debug|Any CPU.Build.0 = Debug|Any CPU
		{C1E0C4BA-6FC1-48A9-B13C-4F738A425399}.Release|Any CPU.ActiveCfg = Release|Any CPU
		{C1E0C4BA-6FC1-48A9-B13C-4F738A425399}.Release|Any CPU.Build.0 = Release|Any CPU
	EndGlobalSection
	GlobalSection(SolutionProperties) = preSolution
		HideSolutionNode = FALSE
	EndGlobalSection
	GlobalSection(ExtensibilityGlobals) = postSolution
		SolutionGuid = {E2BFC866-5994-45B2-9A37-0E7BA83A8223}
	EndGlobalSection
EndGlobal
